// !$*UTF8*$!
{
	archiveVersion = 1;
	classes = {
	};
	objectVersion = 55;
	objects = {

/* Begin PBXBuildFile section */
		5C01B87A28061374008F670D /* RocketInfoRequestService.swift in Sources */ = {isa = PBXBuildFile; fileRef = 5C01B87928061374008F670D /* RocketInfoRequestService.swift */; };
		5C01B87C280613DC008F670D /* NetworkManager.swift in Sources */ = {isa = PBXBuildFile; fileRef = 5C01B87B280613DC008F670D /* NetworkManager.swift */; };
		5C01B87E28061470008F670D /* Request.swift in Sources */ = {isa = PBXBuildFile; fileRef = 5C01B87D28061470008F670D /* Request.swift */; };
		5C01B88128061525008F670D /* RequestConstants.swift in Sources */ = {isa = PBXBuildFile; fileRef = 5C01B88028061525008F670D /* RequestConstants.swift */; };
		5C01B88328061959008F670D /* LaunchesRequest.swift in Sources */ = {isa = PBXBuildFile; fileRef = 5C01B88228061959008F670D /* LaunchesRequest.swift */; };
		5C01B88728061DBF008F670D /* LaunchesRequestService.swift in Sources */ = {isa = PBXBuildFile; fileRef = 5C01B88628061DBF008F670D /* LaunchesRequestService.swift */; };
		5C01B8892806235B008F670D /* GeneralInfoView.swift in Sources */ = {isa = PBXBuildFile; fileRef = 5C01B8882806235B008F670D /* GeneralInfoView.swift */; };
		5C6C209127FC7C6900777FED /* RocketCollectionCellViewModel.swift in Sources */ = {isa = PBXBuildFile; fileRef = 5C6C209027FC7C6900777FED /* RocketCollectionCellViewModel.swift */; };
		5C6C209327FC7C9D00777FED /* StageViewModel.swift in Sources */ = {isa = PBXBuildFile; fileRef = 5C6C209227FC7C9D00777FED /* StageViewModel.swift */; };
		5C6CC0A927EB3F6000F8B9B6 /* UIColor+extension.swift in Sources */ = {isa = PBXBuildFile; fileRef = 5C6CC0A827EB3F6000F8B9B6 /* UIColor+extension.swift */; };
		5C6CC0AC27EB5FFA00F8B9B6 /* HeaderView.swift in Sources */ = {isa = PBXBuildFile; fileRef = 5C6CC0AB27EB5FFA00F8B9B6 /* HeaderView.swift */; };
		5C6CC0B227ECA94500F8B9B6 /* RocketParametersViewCell.swift in Sources */ = {isa = PBXBuildFile; fileRef = 5C6CC0B127ECA94500F8B9B6 /* RocketParametersViewCell.swift */; };
		5C708A7227F0C87700F8B582 /* RequestError.swift in Sources */ = {isa = PBXBuildFile; fileRef = 5C708A7127F0C87700F8B582 /* RequestError.swift */; };
		5C7939DD27EFE76D00C00C08 /* Constants.swift in Sources */ = {isa = PBXBuildFile; fileRef = 5C7939DC27EFE76D00C00C08 /* Constants.swift */; };
		5C7AD2E227E931500095B780 /* StageView.swift in Sources */ = {isa = PBXBuildFile; fileRef = 5C7AD2E127E931500095B780 /* StageView.swift */; };
		5C7AD2E627E933F50095B780 /* GlobalMetrics.swift in Sources */ = {isa = PBXBuildFile; fileRef = 5C7AD2E527E933F50095B780 /* GlobalMetrics.swift */; };
		5C7F305427EE2B0B00B195F9 /* RocketInfoRequest.swift in Sources */ = {isa = PBXBuildFile; fileRef = 5C7F305327EE2B0B00B195F9 /* RocketInfoRequest.swift */; };
		5C7F305827EE2F0200B195F9 /* RocketInfoViewController.swift in Sources */ = {isa = PBXBuildFile; fileRef = 5C7F305727EE2F0200B195F9 /* RocketInfoViewController.swift */; };
		5C9D7A912808AD6F00B7F3D2 /* RocketAPIModel.swift in Sources */ = {isa = PBXBuildFile; fileRef = 5C9D7A902808AD6F00B7F3D2 /* RocketAPIModel.swift */; };
		5C9D7A932808B7D900B7F3D2 /* Stage.swift in Sources */ = {isa = PBXBuildFile; fileRef = 5C9D7A922808B7D900B7F3D2 /* Stage.swift */; };
		5C9D7A952808B7F500B7F3D2 /* Length.swift in Sources */ = {isa = PBXBuildFile; fileRef = 5C9D7A942808B7F500B7F3D2 /* Length.swift */; };
		5C9D7A972808B80B00B7F3D2 /* Mass.swift in Sources */ = {isa = PBXBuildFile; fileRef = 5C9D7A962808B80B00B7F3D2 /* Mass.swift */; };
		5C9D7A992808B86D00B7F3D2 /* Decoder.swift in Sources */ = {isa = PBXBuildFile; fileRef = 5C9D7A982808B86D00B7F3D2 /* Decoder.swift */; };
		5C9D7A9D2808BBE100B7F3D2 /* RocketInfoViewModelMapper.swift in Sources */ = {isa = PBXBuildFile; fileRef = 5C9D7A9C2808BBE100B7F3D2 /* RocketInfoViewModelMapper.swift */; };
		5C9D7AA02808BD3300B7F3D2 /* ParameterViewModel.swift in Sources */ = {isa = PBXBuildFile; fileRef = 5C9D7A9F2808BD3300B7F3D2 /* ParameterViewModel.swift */; };
		5CCDD8E828046C360068DCA0 /* RocketViewModel.swift in Sources */ = {isa = PBXBuildFile; fileRef = 5CCDD8E728046C360068DCA0 /* RocketViewModel.swift */; };
		5CE5043D2809F3BA00FB5071 /* RocketContainerViewController.swift in Sources */ = {isa = PBXBuildFile; fileRef = 5CE5043C2809F3BA00FB5071 /* RocketContainerViewController.swift */; };
		5CE504402809F56A00FB5071 /* FittedSheets in Frameworks */ = {isa = PBXBuildFile; productRef = 5CE5043F2809F56A00FB5071 /* FittedSheets */; };
		5CE6F9A427E54677004499EA /* AppDelegate.swift in Sources */ = {isa = PBXBuildFile; fileRef = 5CE6F9A327E54677004499EA /* AppDelegate.swift */; };
		5CE6F9A627E54677004499EA /* SceneDelegate.swift in Sources */ = {isa = PBXBuildFile; fileRef = 5CE6F9A527E54677004499EA /* SceneDelegate.swift */; };
		5CE6F9AD27E5467B004499EA /* Assets.xcassets in Resources */ = {isa = PBXBuildFile; fileRef = 5CE6F9AC27E5467B004499EA /* Assets.xcassets */; };
		5CE6F9B027E5467B004499EA /* LaunchScreen.storyboard in Resources */ = {isa = PBXBuildFile; fileRef = 5CE6F9AE27E5467B004499EA /* LaunchScreen.storyboard */; };
		5CEDD9AE280A021700C2FB9D /* SimpleURLRequest.swift in Sources */ = {isa = PBXBuildFile; fileRef = 5CEDD9AD280A021700C2FB9D /* SimpleURLRequest.swift */; };
		5CEDD9B0280A1E7600C2FB9D /* PayloadWeight.swift in Sources */ = {isa = PBXBuildFile; fileRef = 5CEDD9AF280A1E7600C2FB9D /* PayloadWeight.swift */; };
		5CF3B39227E7884C00EBC28A /* ParameterView.swift in Sources */ = {isa = PBXBuildFile; fileRef = 5CF3B39127E7884C00EBC28A /* ParameterView.swift */; };
		5CF924E52808A28100356BFB /* GeneralInfoViewModel.swift in Sources */ = {isa = PBXBuildFile; fileRef = 5CF924E42808A28100356BFB /* GeneralInfoViewModel.swift */; };
/* End PBXBuildFile section */

/* Begin PBXFileReference section */
		5C01B87928061374008F670D /* RocketInfoRequestService.swift */ = {isa = PBXFileReference; lastKnownFileType = sourcecode.swift; path = RocketInfoRequestService.swift; sourceTree = "<group>"; };
		5C01B87B280613DC008F670D /* NetworkManager.swift */ = {isa = PBXFileReference; lastKnownFileType = sourcecode.swift; path = NetworkManager.swift; sourceTree = "<group>"; };
		5C01B87D28061470008F670D /* Request.swift */ = {isa = PBXFileReference; lastKnownFileType = sourcecode.swift; path = Request.swift; sourceTree = "<group>"; };
		5C01B88028061525008F670D /* RequestConstants.swift */ = {isa = PBXFileReference; lastKnownFileType = sourcecode.swift; path = RequestConstants.swift; sourceTree = "<group>"; };
		5C01B88228061959008F670D /* LaunchesRequest.swift */ = {isa = PBXFileReference; lastKnownFileType = sourcecode.swift; path = LaunchesRequest.swift; sourceTree = "<group>"; };
		5C01B88628061DBF008F670D /* LaunchesRequestService.swift */ = {isa = PBXFileReference; lastKnownFileType = sourcecode.swift; path = LaunchesRequestService.swift; sourceTree = "<group>"; };
		5C01B8882806235B008F670D /* GeneralInfoView.swift */ = {isa = PBXFileReference; fileEncoding = 4; lastKnownFileType = sourcecode.swift; path = GeneralInfoView.swift; sourceTree = "<group>"; };
		5C6C209027FC7C6900777FED /* RocketCollectionCellViewModel.swift */ = {isa = PBXFileReference; lastKnownFileType = sourcecode.swift; path = RocketCollectionCellViewModel.swift; sourceTree = "<group>"; };
		5C6C209227FC7C9D00777FED /* StageViewModel.swift */ = {isa = PBXFileReference; lastKnownFileType = sourcecode.swift; path = StageViewModel.swift; sourceTree = "<group>"; };
		5C6CC0A827EB3F6000F8B9B6 /* UIColor+extension.swift */ = {isa = PBXFileReference; lastKnownFileType = sourcecode.swift; path = "UIColor+extension.swift"; sourceTree = "<group>"; };
		5C6CC0AB27EB5FFA00F8B9B6 /* HeaderView.swift */ = {isa = PBXFileReference; lastKnownFileType = sourcecode.swift; path = HeaderView.swift; sourceTree = "<group>"; };
		5C6CC0B127ECA94500F8B9B6 /* RocketParametersViewCell.swift */ = {isa = PBXFileReference; lastKnownFileType = sourcecode.swift; path = RocketParametersViewCell.swift; sourceTree = "<group>"; };
		5C708A7127F0C87700F8B582 /* RequestError.swift */ = {isa = PBXFileReference; lastKnownFileType = sourcecode.swift; path = RequestError.swift; sourceTree = "<group>"; };
		5C7939DC27EFE76D00C00C08 /* Constants.swift */ = {isa = PBXFileReference; lastKnownFileType = sourcecode.swift; path = Constants.swift; sourceTree = "<group>"; };
		5C7AD2E127E931500095B780 /* StageView.swift */ = {isa = PBXFileReference; lastKnownFileType = sourcecode.swift; path = StageView.swift; sourceTree = "<group>"; };
		5C7AD2E527E933F50095B780 /* GlobalMetrics.swift */ = {isa = PBXFileReference; lastKnownFileType = sourcecode.swift; path = GlobalMetrics.swift; sourceTree = "<group>"; };
		5C7F305327EE2B0B00B195F9 /* RocketInfoRequest.swift */ = {isa = PBXFileReference; lastKnownFileType = sourcecode.swift; path = RocketInfoRequest.swift; sourceTree = "<group>"; };
		5C7F305727EE2F0200B195F9 /* RocketInfoViewController.swift */ = {isa = PBXFileReference; lastKnownFileType = sourcecode.swift; path = RocketInfoViewController.swift; sourceTree = "<group>"; };
		5C9D7A902808AD6F00B7F3D2 /* RocketAPIModel.swift */ = {isa = PBXFileReference; lastKnownFileType = sourcecode.swift; path = RocketAPIModel.swift; sourceTree = "<group>"; };
		5C9D7A922808B7D900B7F3D2 /* Stage.swift */ = {isa = PBXFileReference; lastKnownFileType = sourcecode.swift; path = Stage.swift; sourceTree = "<group>"; };
		5C9D7A942808B7F500B7F3D2 /* Length.swift */ = {isa = PBXFileReference; lastKnownFileType = sourcecode.swift; path = Length.swift; sourceTree = "<group>"; };
		5C9D7A962808B80B00B7F3D2 /* Mass.swift */ = {isa = PBXFileReference; lastKnownFileType = sourcecode.swift; path = Mass.swift; sourceTree = "<group>"; };
		5C9D7A982808B86D00B7F3D2 /* Decoder.swift */ = {isa = PBXFileReference; lastKnownFileType = sourcecode.swift; path = Decoder.swift; sourceTree = "<group>"; };
		5C9D7A9C2808BBE100B7F3D2 /* RocketInfoViewModelMapper.swift */ = {isa = PBXFileReference; lastKnownFileType = sourcecode.swift; path = RocketInfoViewModelMapper.swift; sourceTree = "<group>"; };
		5C9D7A9F2808BD3300B7F3D2 /* ParameterViewModel.swift */ = {isa = PBXFileReference; lastKnownFileType = sourcecode.swift; path = ParameterViewModel.swift; sourceTree = "<group>"; };
		5CCDD8E728046C360068DCA0 /* RocketViewModel.swift */ = {isa = PBXFileReference; lastKnownFileType = sourcecode.swift; path = RocketViewModel.swift; sourceTree = "<group>"; };
		5CE5043C2809F3BA00FB5071 /* RocketContainerViewController.swift */ = {isa = PBXFileReference; lastKnownFileType = sourcecode.swift; path = RocketContainerViewController.swift; sourceTree = "<group>"; };
		5CE6F9A027E54677004499EA /* SpaceX.app */ = {isa = PBXFileReference; explicitFileType = wrapper.application; includeInIndex = 0; path = SpaceX.app; sourceTree = BUILT_PRODUCTS_DIR; };
		5CE6F9A327E54677004499EA /* AppDelegate.swift */ = {isa = PBXFileReference; lastKnownFileType = sourcecode.swift; path = AppDelegate.swift; sourceTree = "<group>"; };
		5CE6F9A527E54677004499EA /* SceneDelegate.swift */ = {isa = PBXFileReference; lastKnownFileType = sourcecode.swift; path = SceneDelegate.swift; sourceTree = "<group>"; };
		5CE6F9AC27E5467B004499EA /* Assets.xcassets */ = {isa = PBXFileReference; lastKnownFileType = folder.assetcatalog; path = Assets.xcassets; sourceTree = "<group>"; };
		5CE6F9AF27E5467B004499EA /* Base */ = {isa = PBXFileReference; lastKnownFileType = file.storyboard; name = Base; path = Base.lproj/LaunchScreen.storyboard; sourceTree = "<group>"; };
		5CE6F9B127E5467B004499EA /* Info.plist */ = {isa = PBXFileReference; lastKnownFileType = text.plist.xml; path = Info.plist; sourceTree = "<group>"; };
		5CEDD9AD280A021700C2FB9D /* SimpleURLRequest.swift */ = {isa = PBXFileReference; lastKnownFileType = sourcecode.swift; path = SimpleURLRequest.swift; sourceTree = "<group>"; };
		5CEDD9AF280A1E7600C2FB9D /* PayloadWeight.swift */ = {isa = PBXFileReference; lastKnownFileType = sourcecode.swift; path = PayloadWeight.swift; sourceTree = "<group>"; };
		5CF3B39127E7884C00EBC28A /* ParameterView.swift */ = {isa = PBXFileReference; lastKnownFileType = sourcecode.swift; path = ParameterView.swift; sourceTree = "<group>"; };
		5CF924E42808A28100356BFB /* GeneralInfoViewModel.swift */ = {isa = PBXFileReference; lastKnownFileType = sourcecode.swift; path = GeneralInfoViewModel.swift; sourceTree = "<group>"; };
/* End PBXFileReference section */

/* Begin PBXFrameworksBuildPhase section */
		5CE6F99D27E54677004499EA /* Frameworks */ = {
			isa = PBXFrameworksBuildPhase;
			buildActionMask = 2147483647;
			files = (
				5CE504402809F56A00FB5071 /* FittedSheets in Frameworks */,
			);
			runOnlyForDeploymentPostprocessing = 0;
		};
/* End PBXFrameworksBuildPhase section */

/* Begin PBXGroup section */
		5C01B878280612FB008F670D /* Service layer */ = {
			isa = PBXGroup;
			children = (
				5C01B87928061374008F670D /* RocketInfoRequestService.swift */,
				5C01B88628061DBF008F670D /* LaunchesRequestService.swift */,
			);
			path = "Service layer";
			sourceTree = "<group>";
		};
		5C01B87F28061484008F670D /* Requests */ = {
			isa = PBXGroup;
			children = (
				5C01B87D28061470008F670D /* Request.swift */,
				5C7F305327EE2B0B00B195F9 /* RocketInfoRequest.swift */,
				5C01B88228061959008F670D /* LaunchesRequest.swift */,
				5C01B88028061525008F670D /* RequestConstants.swift */,
				5CEDD9AD280A021700C2FB9D /* SimpleURLRequest.swift */,
			);
			path = Requests;
			sourceTree = "<group>";
		};
		5C6CC0AA27EB405400F8B9B6 /* Helpers */ = {
			isa = PBXGroup;
			children = (
				5C6CC0A827EB3F6000F8B9B6 /* UIColor+extension.swift */,
			);
			path = Helpers;
			sourceTree = "<group>";
		};
		5C708A6F27F09E4600F8B582 /* ParameterView */ = {
			isa = PBXGroup;
			children = (
				5CF3B39127E7884C00EBC28A /* ParameterView.swift */,
			);
			path = ParameterView;
			sourceTree = "<group>";
		};
		5C708A7027F0C85300F8B582 /* Core layer */ = {
			isa = PBXGroup;
			children = (
				5C9D7A9B2808BAFB00B7F3D2 /* Decoding */,
				5CF924E62808A9FC00356BFB /* APIModel */,
				5C9D7A9A2808BAD200B7F3D2 /* Network */,
			);
			path = "Core layer";
			sourceTree = "<group>";
		};
		5C7F305227EE269000B195F9 /* Presentation layer */ = {
			isa = PBXGroup;
			children = (
				5C7AD2E527E933F50095B780 /* GlobalMetrics.swift */,
				5CE5043B2809F3A300FB5071 /* RocketContainer */,
				5C935A8927FBB492006AFBB4 /* RocketInfo */,
				5C7939DC27EFE76D00C00C08 /* Constants.swift */,
			);
			path = "Presentation layer";
			sourceTree = "<group>";
		};
		5C935A8927FBB492006AFBB4 /* RocketInfo */ = {
			isa = PBXGroup;
			children = (
				5C7F305727EE2F0200B195F9 /* RocketInfoViewController.swift */,
				5C9D7AA12808C83400B7F3D2 /* Views */,
				5C9D7A9E2808BC2C00B7F3D2 /* ViewModels */,
			);
			path = RocketInfo;
			sourceTree = "<group>";
		};
		5C9D7A9A2808BAD200B7F3D2 /* Network */ = {
			isa = PBXGroup;
			children = (
				5C01B87F28061484008F670D /* Requests */,
				5C708A7127F0C87700F8B582 /* RequestError.swift */,
				5C01B87B280613DC008F670D /* NetworkManager.swift */,
			);
			path = Network;
			sourceTree = "<group>";
		};
		5C9D7A9B2808BAFB00B7F3D2 /* Decoding */ = {
			isa = PBXGroup;
			children = (
				5C9D7A982808B86D00B7F3D2 /* Decoder.swift */,
			);
			path = Decoding;
			sourceTree = "<group>";
		};
		5C9D7A9E2808BC2C00B7F3D2 /* ViewModels */ = {
			isa = PBXGroup;
			children = (
				5C9D7A9C2808BBE100B7F3D2 /* RocketInfoViewModelMapper.swift */,
				5C6C209227FC7C9D00777FED /* StageViewModel.swift */,
				5CCDD8E728046C360068DCA0 /* RocketViewModel.swift */,
				5CF924E42808A28100356BFB /* GeneralInfoViewModel.swift */,
				5C9D7A9F2808BD3300B7F3D2 /* ParameterViewModel.swift */,
			);
			path = ViewModels;
			sourceTree = "<group>";
		};
		5C9D7AA12808C83400B7F3D2 /* Views */ = {
			isa = PBXGroup;
			children = (
				5CE7BE6627EE5271001885D1 /* GeneralView */,
				5CE7BE6827EE53B7001885D1 /* StageView */,
				5C708A6F27F09E4600F8B582 /* ParameterView */,
			);
			path = Views;
			sourceTree = "<group>";
		};
		5CE5043B2809F3A300FB5071 /* RocketContainer */ = {
			isa = PBXGroup;
			children = (
				5CE5043C2809F3BA00FB5071 /* RocketContainerViewController.swift */,
			);
			path = RocketContainer;
			sourceTree = "<group>";
		};
		5CE6F99727E54677004499EA = {
			isa = PBXGroup;
			children = (
				5CE6F9A227E54677004499EA /* SpaceX */,
				5CE6F9A127E54677004499EA /* Products */,
			);
			sourceTree = "<group>";
		};
		5CE6F9A127E54677004499EA /* Products */ = {
			isa = PBXGroup;
			children = (
				5CE6F9A027E54677004499EA /* SpaceX.app */,
			);
			name = Products;
			sourceTree = "<group>";
		};
		5CE6F9A227E54677004499EA /* SpaceX */ = {
			isa = PBXGroup;
			children = (
				5C708A7027F0C85300F8B582 /* Core layer */,
				5C01B878280612FB008F670D /* Service layer */,
				5C7F305227EE269000B195F9 /* Presentation layer */,
				5CF3B38E27E75FD200EBC28A /* Supporting Files */,
				5C6CC0AA27EB405400F8B9B6 /* Helpers */,
			);
			path = SpaceX;
			sourceTree = "<group>";
		};
		5CE7BE6627EE5271001885D1 /* GeneralView */ = {
			isa = PBXGroup;
			children = (
				5C01B8882806235B008F670D /* GeneralInfoView.swift */,
				5C6CC0AB27EB5FFA00F8B9B6 /* HeaderView.swift */,
				5CE7BE6727EE52BD001885D1 /* CollectionView */,
			);
			path = GeneralView;
			sourceTree = "<group>";
		};
		5CE7BE6727EE52BD001885D1 /* CollectionView */ = {
			isa = PBXGroup;
			children = (
				5C6CC0B127ECA94500F8B9B6 /* RocketParametersViewCell.swift */,
				5C6C209027FC7C6900777FED /* RocketCollectionCellViewModel.swift */,
			);
			path = CollectionView;
			sourceTree = "<group>";
		};
		5CE7BE6827EE53B7001885D1 /* StageView */ = {
			isa = PBXGroup;
			children = (
				5C7AD2E127E931500095B780 /* StageView.swift */,
			);
			path = StageView;
			sourceTree = "<group>";
		};
		5CF3B38E27E75FD200EBC28A /* Supporting Files */ = {
			isa = PBXGroup;
			children = (
				5CE6F9A527E54677004499EA /* SceneDelegate.swift */,
				5CE6F9A327E54677004499EA /* AppDelegate.swift */,
				5CE6F9AC27E5467B004499EA /* Assets.xcassets */,
				5CE6F9AE27E5467B004499EA /* LaunchScreen.storyboard */,
				5CE6F9B127E5467B004499EA /* Info.plist */,
			);
			path = "Supporting Files";
			sourceTree = "<group>";
		};
		5CF924E62808A9FC00356BFB /* APIModel */ = {
			isa = PBXGroup;
			children = (
				5C9D7A902808AD6F00B7F3D2 /* RocketAPIModel.swift */,
				5C9D7A922808B7D900B7F3D2 /* Stage.swift */,
				5C9D7A942808B7F500B7F3D2 /* Length.swift */,
				5C9D7A962808B80B00B7F3D2 /* Mass.swift */,
				5CEDD9AF280A1E7600C2FB9D /* PayloadWeight.swift */,
			);
			path = APIModel;
			sourceTree = "<group>";
		};
/* End PBXGroup section */

/* Begin PBXNativeTarget section */
		5CE6F99F27E54677004499EA /* SpaceX */ = {
			isa = PBXNativeTarget;
			buildConfigurationList = 5CE6F9B427E5467B004499EA /* Build configuration list for PBXNativeTarget "SpaceX" */;
			buildPhases = (
				5CE6F99C27E54677004499EA /* Sources */,
				5CE6F99D27E54677004499EA /* Frameworks */,
				5CE6F99E27E54677004499EA /* Resources */,
			);
			buildRules = (
			);
			dependencies = (
			);
			name = SpaceX;
			packageProductDependencies = (
				5CE5043F2809F56A00FB5071 /* FittedSheets */,
			);
			productName = SpaceX;
			productReference = 5CE6F9A027E54677004499EA /* SpaceX.app */;
			productType = "com.apple.product-type.application";
		};
/* End PBXNativeTarget section */

/* Begin PBXProject section */
		5CE6F99827E54677004499EA /* Project object */ = {
			isa = PBXProject;
			attributes = {
				BuildIndependentTargetsInParallel = 1;
				LastSwiftUpdateCheck = 1320;
				LastUpgradeCheck = 1320;
				TargetAttributes = {
					5CE6F99F27E54677004499EA = {
						CreatedOnToolsVersion = 13.2.1;
					};
				};
			};
			buildConfigurationList = 5CE6F99B27E54677004499EA /* Build configuration list for PBXProject "SpaceX" */;
			compatibilityVersion = "Xcode 13.0";
			developmentRegion = en;
			hasScannedForEncodings = 0;
			knownRegions = (
				en,
				Base,
			);
			mainGroup = 5CE6F99727E54677004499EA;
			packageReferences = (
				5CE5043E2809F56A00FB5071 /* XCRemoteSwiftPackageReference "FittedSheets" */,
			);
			productRefGroup = 5CE6F9A127E54677004499EA /* Products */;
			projectDirPath = "";
			projectRoot = "";
			targets = (
				5CE6F99F27E54677004499EA /* SpaceX */,
			);
		};
/* End PBXProject section */

/* Begin PBXResourcesBuildPhase section */
		5CE6F99E27E54677004499EA /* Resources */ = {
			isa = PBXResourcesBuildPhase;
			buildActionMask = 2147483647;
			files = (
				5CE6F9B027E5467B004499EA /* LaunchScreen.storyboard in Resources */,
				5CE6F9AD27E5467B004499EA /* Assets.xcassets in Resources */,
			);
			runOnlyForDeploymentPostprocessing = 0;
		};
/* End PBXResourcesBuildPhase section */

/* Begin PBXSourcesBuildPhase section */
		5CE6F99C27E54677004499EA /* Sources */ = {
			isa = PBXSourcesBuildPhase;
			buildActionMask = 2147483647;
			files = (
				5C708A7227F0C87700F8B582 /* RequestError.swift in Sources */,
				5C01B88328061959008F670D /* LaunchesRequest.swift in Sources */,
				5C01B88728061DBF008F670D /* LaunchesRequestService.swift in Sources */,
				5C6CC0AC27EB5FFA00F8B9B6 /* HeaderView.swift in Sources */,
				5CE6F9A427E54677004499EA /* AppDelegate.swift in Sources */,
				5C9D7A952808B7F500B7F3D2 /* Length.swift in Sources */,
				5CEDD9AE280A021700C2FB9D /* SimpleURLRequest.swift in Sources */,
				5C7AD2E627E933F50095B780 /* GlobalMetrics.swift in Sources */,
				5C6C209327FC7C9D00777FED /* StageViewModel.swift in Sources */,
				5CE5043D2809F3BA00FB5071 /* RocketContainerViewController.swift in Sources */,
				5C6C209127FC7C6900777FED /* RocketCollectionCellViewModel.swift in Sources */,
				5C9D7A932808B7D900B7F3D2 /* Stage.swift in Sources */,
				5C01B8892806235B008F670D /* GeneralInfoView.swift in Sources */,
				5C7939DD27EFE76D00C00C08 /* Constants.swift in Sources */,
				5CF3B39227E7884C00EBC28A /* ParameterView.swift in Sources */,
				5C01B87E28061470008F670D /* Request.swift in Sources */,
				5C01B87C280613DC008F670D /* NetworkManager.swift in Sources */,
				5C9D7A912808AD6F00B7F3D2 /* RocketAPIModel.swift in Sources */,
				5CE6F9A627E54677004499EA /* SceneDelegate.swift in Sources */,
				5C01B87A28061374008F670D /* RocketInfoRequestService.swift in Sources */,
				5C9D7A992808B86D00B7F3D2 /* Decoder.swift in Sources */,
				5C7F305827EE2F0200B195F9 /* RocketInfoViewController.swift in Sources */,
				5C7AD2E227E931500095B780 /* StageView.swift in Sources */,
				5C6CC0B227ECA94500F8B9B6 /* RocketParametersViewCell.swift in Sources */,
				5C7F305427EE2B0B00B195F9 /* RocketInfoRequest.swift in Sources */,
				5C9D7AA02808BD3300B7F3D2 /* ParameterViewModel.swift in Sources */,
				5C6CC0A927EB3F6000F8B9B6 /* UIColor+extension.swift in Sources */,
				5CCDD8E828046C360068DCA0 /* RocketViewModel.swift in Sources */,
				5C01B88128061525008F670D /* RequestConstants.swift in Sources */,
				5CF924E52808A28100356BFB /* GeneralInfoViewModel.swift in Sources */,
				5C9D7A972808B80B00B7F3D2 /* Mass.swift in Sources */,
				5CEDD9B0280A1E7600C2FB9D /* PayloadWeight.swift in Sources */,
				5C9D7A9D2808BBE100B7F3D2 /* RocketInfoViewModelMapper.swift in Sources */,
			);
			runOnlyForDeploymentPostprocessing = 0;
		};
/* End PBXSourcesBuildPhase section */

/* Begin PBXVariantGroup section */
		5CE6F9AE27E5467B004499EA /* LaunchScreen.storyboard */ = {
			isa = PBXVariantGroup;
			children = (
				5CE6F9AF27E5467B004499EA /* Base */,
			);
			name = LaunchScreen.storyboard;
			sourceTree = "<group>";
		};
/* End PBXVariantGroup section */

/* Begin XCBuildConfiguration section */
		5CE6F9B227E5467B004499EA /* Debug */ = {
			isa = XCBuildConfiguration;
			buildSettings = {
				ALWAYS_SEARCH_USER_PATHS = NO;
				CLANG_ANALYZER_NONNULL = YES;
				CLANG_ANALYZER_NUMBER_OBJECT_CONVERSION = YES_AGGRESSIVE;
				CLANG_CXX_LANGUAGE_STANDARD = "gnu++17";
				CLANG_CXX_LIBRARY = "libc++";
				CLANG_ENABLE_MODULES = YES;
				CLANG_ENABLE_OBJC_ARC = YES;
				CLANG_ENABLE_OBJC_WEAK = YES;
				CLANG_WARN_BLOCK_CAPTURE_AUTORELEASING = YES;
				CLANG_WARN_BOOL_CONVERSION = YES;
				CLANG_WARN_COMMA = YES;
				CLANG_WARN_CONSTANT_CONVERSION = YES;
				CLANG_WARN_DEPRECATED_OBJC_IMPLEMENTATIONS = YES;
				CLANG_WARN_DIRECT_OBJC_ISA_USAGE = YES_ERROR;
				CLANG_WARN_DOCUMENTATION_COMMENTS = YES;
				CLANG_WARN_EMPTY_BODY = YES;
				CLANG_WARN_ENUM_CONVERSION = YES;
				CLANG_WARN_INFINITE_RECURSION = YES;
				CLANG_WARN_INT_CONVERSION = YES;
				CLANG_WARN_NON_LITERAL_NULL_CONVERSION = YES;
				CLANG_WARN_OBJC_IMPLICIT_RETAIN_SELF = YES;
				CLANG_WARN_OBJC_LITERAL_CONVERSION = YES;
				CLANG_WARN_OBJC_ROOT_CLASS = YES_ERROR;
				CLANG_WARN_QUOTED_INCLUDE_IN_FRAMEWORK_HEADER = YES;
				CLANG_WARN_RANGE_LOOP_ANALYSIS = YES;
				CLANG_WARN_STRICT_PROTOTYPES = YES;
				CLANG_WARN_SUSPICIOUS_MOVE = YES;
				CLANG_WARN_UNGUARDED_AVAILABILITY = YES_AGGRESSIVE;
				CLANG_WARN_UNREACHABLE_CODE = YES;
				CLANG_WARN__DUPLICATE_METHOD_MATCH = YES;
				COPY_PHASE_STRIP = NO;
				DEBUG_INFORMATION_FORMAT = dwarf;
				ENABLE_STRICT_OBJC_MSGSEND = YES;
				ENABLE_TESTABILITY = YES;
				GCC_C_LANGUAGE_STANDARD = gnu11;
				GCC_DYNAMIC_NO_PIC = NO;
				GCC_NO_COMMON_BLOCKS = YES;
				GCC_OPTIMIZATION_LEVEL = 0;
				GCC_PREPROCESSOR_DEFINITIONS = (
					"DEBUG=1",
					"$(inherited)",
				);
				GCC_WARN_64_TO_32_BIT_CONVERSION = YES;
				GCC_WARN_ABOUT_RETURN_TYPE = YES_ERROR;
				GCC_WARN_UNDECLARED_SELECTOR = YES;
				GCC_WARN_UNINITIALIZED_AUTOS = YES_AGGRESSIVE;
				GCC_WARN_UNUSED_FUNCTION = YES;
				GCC_WARN_UNUSED_VARIABLE = YES;
				IPHONEOS_DEPLOYMENT_TARGET = 15.2;
				MTL_ENABLE_DEBUG_INFO = INCLUDE_SOURCE;
				MTL_FAST_MATH = YES;
				ONLY_ACTIVE_ARCH = YES;
				SDKROOT = iphoneos;
				SWIFT_ACTIVE_COMPILATION_CONDITIONS = DEBUG;
				SWIFT_OPTIMIZATION_LEVEL = "-Onone";
			};
			name = Debug;
		};
		5CE6F9B327E5467B004499EA /* Release */ = {
			isa = XCBuildConfiguration;
			buildSettings = {
				ALWAYS_SEARCH_USER_PATHS = NO;
				CLANG_ANALYZER_NONNULL = YES;
				CLANG_ANALYZER_NUMBER_OBJECT_CONVERSION = YES_AGGRESSIVE;
				CLANG_CXX_LANGUAGE_STANDARD = "gnu++17";
				CLANG_CXX_LIBRARY = "libc++";
				CLANG_ENABLE_MODULES = YES;
				CLANG_ENABLE_OBJC_ARC = YES;
				CLANG_ENABLE_OBJC_WEAK = YES;
				CLANG_WARN_BLOCK_CAPTURE_AUTORELEASING = YES;
				CLANG_WARN_BOOL_CONVERSION = YES;
				CLANG_WARN_COMMA = YES;
				CLANG_WARN_CONSTANT_CONVERSION = YES;
				CLANG_WARN_DEPRECATED_OBJC_IMPLEMENTATIONS = YES;
				CLANG_WARN_DIRECT_OBJC_ISA_USAGE = YES_ERROR;
				CLANG_WARN_DOCUMENTATION_COMMENTS = YES;
				CLANG_WARN_EMPTY_BODY = YES;
				CLANG_WARN_ENUM_CONVERSION = YES;
				CLANG_WARN_INFINITE_RECURSION = YES;
				CLANG_WARN_INT_CONVERSION = YES;
				CLANG_WARN_NON_LITERAL_NULL_CONVERSION = YES;
				CLANG_WARN_OBJC_IMPLICIT_RETAIN_SELF = YES;
				CLANG_WARN_OBJC_LITERAL_CONVERSION = YES;
				CLANG_WARN_OBJC_ROOT_CLASS = YES_ERROR;
				CLANG_WARN_QUOTED_INCLUDE_IN_FRAMEWORK_HEADER = YES;
				CLANG_WARN_RANGE_LOOP_ANALYSIS = YES;
				CLANG_WARN_STRICT_PROTOTYPES = YES;
				CLANG_WARN_SUSPICIOUS_MOVE = YES;
				CLANG_WARN_UNGUARDED_AVAILABILITY = YES_AGGRESSIVE;
				CLANG_WARN_UNREACHABLE_CODE = YES;
				CLANG_WARN__DUPLICATE_METHOD_MATCH = YES;
				COPY_PHASE_STRIP = NO;
				DEBUG_INFORMATION_FORMAT = "dwarf-with-dsym";
				ENABLE_NS_ASSERTIONS = NO;
				ENABLE_STRICT_OBJC_MSGSEND = YES;
				GCC_C_LANGUAGE_STANDARD = gnu11;
				GCC_NO_COMMON_BLOCKS = YES;
				GCC_WARN_64_TO_32_BIT_CONVERSION = YES;
				GCC_WARN_ABOUT_RETURN_TYPE = YES_ERROR;
				GCC_WARN_UNDECLARED_SELECTOR = YES;
				GCC_WARN_UNINITIALIZED_AUTOS = YES_AGGRESSIVE;
				GCC_WARN_UNUSED_FUNCTION = YES;
				GCC_WARN_UNUSED_VARIABLE = YES;
				IPHONEOS_DEPLOYMENT_TARGET = 15.2;
				MTL_ENABLE_DEBUG_INFO = NO;
				MTL_FAST_MATH = YES;
				SDKROOT = iphoneos;
				SWIFT_COMPILATION_MODE = wholemodule;
				SWIFT_OPTIMIZATION_LEVEL = "-O";
				VALIDATE_PRODUCT = YES;
			};
			name = Release;
		};
		5CE6F9B527E5467B004499EA /* Debug */ = {
			isa = XCBuildConfiguration;
			buildSettings = {
				ASSETCATALOG_COMPILER_APPICON_NAME = AppIcon;
				ASSETCATALOG_COMPILER_GLOBAL_ACCENT_COLOR_NAME = AccentColor;
				CODE_SIGN_STYLE = Automatic;
				CURRENT_PROJECT_VERSION = 1;
				DEVELOPMENT_TEAM = 7TFRW3KMV7;
				GENERATE_INFOPLIST_FILE = YES;
				INFOPLIST_FILE = "SpaceX/Supporting Files/Info.plist";
				INFOPLIST_KEY_UIApplicationSupportsIndirectInputEvents = YES;
				INFOPLIST_KEY_UILaunchStoryboardName = LaunchScreen;
				INFOPLIST_KEY_UISupportedInterfaceOrientations_iPad = "UIInterfaceOrientationPortrait UIInterfaceOrientationPortraitUpsideDown UIInterfaceOrientationLandscapeLeft UIInterfaceOrientationLandscapeRight";
				INFOPLIST_KEY_UISupportedInterfaceOrientations_iPhone = "UIInterfaceOrientationPortrait UIInterfaceOrientationLandscapeLeft UIInterfaceOrientationLandscapeRight";
				IPHONEOS_DEPLOYMENT_TARGET = 13.0;
				LD_RUNPATH_SEARCH_PATHS = (
					"$(inherited)",
					"@executable_path/Frameworks",
				);
				MARKETING_VERSION = 1.0;
				PRODUCT_BUNDLE_IDENTIFIER = com.ritulya.SpaceX;
				PRODUCT_NAME = "$(TARGET_NAME)";
				SWIFT_EMIT_LOC_STRINGS = YES;
				SWIFT_VERSION = 5.0;
				TARGETED_DEVICE_FAMILY = 1;
			};
			name = Debug;
		};
		5CE6F9B627E5467B004499EA /* Release */ = {
			isa = XCBuildConfiguration;
			buildSettings = {
				ASSETCATALOG_COMPILER_APPICON_NAME = AppIcon;
				ASSETCATALOG_COMPILER_GLOBAL_ACCENT_COLOR_NAME = AccentColor;
				CODE_SIGN_STYLE = Automatic;
				CURRENT_PROJECT_VERSION = 1;
				DEVELOPMENT_TEAM = 7TFRW3KMV7;
				GENERATE_INFOPLIST_FILE = YES;
				INFOPLIST_FILE = "SpaceX/Supporting Files/Info.plist";
				INFOPLIST_KEY_UIApplicationSupportsIndirectInputEvents = YES;
				INFOPLIST_KEY_UILaunchStoryboardName = LaunchScreen;
				INFOPLIST_KEY_UISupportedInterfaceOrientations_iPad = "UIInterfaceOrientationPortrait UIInterfaceOrientationPortraitUpsideDown UIInterfaceOrientationLandscapeLeft UIInterfaceOrientationLandscapeRight";
				INFOPLIST_KEY_UISupportedInterfaceOrientations_iPhone = "UIInterfaceOrientationPortrait UIInterfaceOrientationLandscapeLeft UIInterfaceOrientationLandscapeRight";
				IPHONEOS_DEPLOYMENT_TARGET = 13.0;
				LD_RUNPATH_SEARCH_PATHS = (
					"$(inherited)",
					"@executable_path/Frameworks",
				);
				MARKETING_VERSION = 1.0;
				PRODUCT_BUNDLE_IDENTIFIER = com.ritulya.SpaceX;
				PRODUCT_NAME = "$(TARGET_NAME)";
				SWIFT_EMIT_LOC_STRINGS = YES;
				SWIFT_VERSION = 5.0;
				TARGETED_DEVICE_FAMILY = 1;
			};
			name = Release;
		};
/* End XCBuildConfiguration section */

/* Begin XCConfigurationList section */
		5CE6F99B27E54677004499EA /* Build configuration list for PBXProject "SpaceX" */ = {
			isa = XCConfigurationList;
			buildConfigurations = (
				5CE6F9B227E5467B004499EA /* Debug */,
				5CE6F9B327E5467B004499EA /* Release */,
			);
			defaultConfigurationIsVisible = 0;
			defaultConfigurationName = Release;
		};
		5CE6F9B427E5467B004499EA /* Build configuration list for PBXNativeTarget "SpaceX" */ = {
			isa = XCConfigurationList;
			buildConfigurations = (
				5CE6F9B527E5467B004499EA /* Debug */,
				5CE6F9B627E5467B004499EA /* Release */,
			);
			defaultConfigurationIsVisible = 0;
			defaultConfigurationName = Release;
		};
/* End XCConfigurationList section */

/* Begin XCRemoteSwiftPackageReference section */
		5CE5043E2809F56A00FB5071 /* XCRemoteSwiftPackageReference "FittedSheets" */ = {
			isa = XCRemoteSwiftPackageReference;
			repositoryURL = "git@github.com:gordontucker/FittedSheets.git";
			requirement = {
				kind = upToNextMajorVersion;
				minimumVersion = 2.0.0;
			};
		};
/* End XCRemoteSwiftPackageReference section */

/* Begin XCSwiftPackageProductDependency section */
		5CE5043F2809F56A00FB5071 /* FittedSheets */ = {
			isa = XCSwiftPackageProductDependency;
			package = 5CE5043E2809F56A00FB5071 /* XCRemoteSwiftPackageReference "FittedSheets" */;
			productName = FittedSheets;
		};
/* End XCSwiftPackageProductDependency section */
	};
	rootObject = 5CE6F99827E54677004499EA /* Project object */;
}
